
Microsoft Visual Studio Solution File, Format Version 12.00
# Visual Studio Version 16
VisualStudioVersion = 16.0.29326.143
MinimumVisualStudioVersion = 10.0.40219.1
Project("{9A19103F-16F7-4668-BE54-9A1E7A4F7556}") = "HierarchicalSystem.API", "HierarchicalSystem.API.csproj", "{A74DE1F7-4F48-459F-A0A8-49BE3D48FC52}"
EndProject
Global
	GlobalSection(SolutionConfigurationPlatforms) = preSolution
		Debug|Any CPU = Debug|Any CPU
		Release|Any CPU = Release|Any CPU
	EndGlobalSection
	GlobalSection(ProjectConfigurationPlatforms) = postSolution
		{A74DE1F7-4F48-459F-A0A8-49BE3D48FC52}.Debug|Any CPU.ActiveCfg = Debug|Any CPU
		{A74DE1F7-4F48-459F-A0A8-49BE3D48FC52}.Debug|Any CPU.Build.0 = Debug|Any CPU
		{A74DE1F7-4F48-459F-A0A8-49BE3D48FC52}.Release|Any CPU.ActiveCfg = Release|Any CPU
		{A74DE1F7-4F48-459F-A0A8-49BE3D48FC52}.Release|Any CPU.Build.0 = Release|Any CPU
	EndGlobalSection
	GlobalSection(SolutionProperties) = preSolution
		HideSolutionNode = FALSE
	EndGlobalSection
	GlobalSection(ExtensibilityGlobals) = postSolution
		SolutionGuid = {B72F5A37-EF9C-4498-B98F-199ACEA72409}
	EndGlobalSection
EndGlobal
